
Microsoft Visual Studio Solution File, Format Version 12.00
# Visual Studio 15
VisualStudioVersion = 15.0.28307.902
MinimumVisualStudioVersion = 10.0.40219.1
Project("{8BC9CEB8-8B4A-11D0-8D11-00A0C91BC942}") = "Helpers", "helpers\Helpers.vcxproj", "{B3612C81-3DC8-435A-A6A5-7935BF5FD60C}"
	ProjectSection(ProjectDependencies) = postProject
		{D0C61027-C06B-4B0E-9B42-20A091A1BD6C} = {D0C61027-C06B-4B0E-9B42-20A091A1BD6C}
	EndProjectSection
EndProject
Project("{8BC9CEB8-8B4A-11D0-8D11-00A0C91BC942}") = "Tests", "Tests\Tests.vcxproj", "{33ED6971-BA1D-421D-AFB1-C15D6E63486D}"
	ProjectSection(ProjectDependencies) = postProject
		{D0C61027-C06B-4B0E-9B42-20A091A1BD6C} = {D0C61027-C06B-4B0E-9B42-20A091A1BD6C}
	EndProjectSection
EndProject
Project("{8BC9CEB8-8B4A-11D0-8D11-00A0C91BC942}") = "Utils", "Utils\Utils.vcxproj", "{D0C61027-C06B-4B0E-9B42-20A091A1BD6C}"
EndProject
Project("{8BC9CEB8-8B4A-11D0-8D11-00A0C91BC942}") = "CredentialProvider", "CredentialProvider\CredentialProvider.vcxproj", "{7348AEE0-1F4A-4436-B782-6ABB694911AE}"
	ProjectSection(ProjectDependencies) = postProject
		{D0C61027-C06B-4B0E-9B42-20A091A1BD6C} = {D0C61027-C06B-4B0E-9B42-20A091A1BD6C}
	EndProjectSection
EndProject
Project("{8BC9CEB8-8B4A-11D0-8D11-00A0C91BC942}") = "DemoService", "DemoService\DemoService.vcxproj", "{D931E585-0C2C-45D8-B703-C325805E7A69}"
	ProjectSection(ProjectDependencies) = postProject
		{D0C61027-C06B-4B0E-9B42-20A091A1BD6C} = {D0C61027-C06B-4B0E-9B42-20A091A1BD6C}
	EndProjectSection
EndProject
Global
	GlobalSection(SolutionConfigurationPlatforms) = preSolution
		Debug|Win32 = Debug|Win32
		Debug|x64 = Debug|x64
		Release|Win32 = Release|Win32
		Release|x64 = Release|x64
	EndGlobalSection
	GlobalSection(ProjectConfigurationPlatforms) = postSolution
		{B3612C81-3DC8-435A-A6A5-7935BF5FD60C}.Debug|Win32.ActiveCfg = Debug|Win32
		{B3612C81-3DC8-435A-A6A5-7935BF5FD60C}.Debug|Win32.Build.0 = Debug|Win32
		{B3612C81-3DC8-435A-A6A5-7935BF5FD60C}.Debug|x64.ActiveCfg = Debug|x64
		{B3612C81-3DC8-435A-A6A5-7935BF5FD60C}.Debug|x64.Build.0 = Debug|x64
		{B3612C81-3DC8-435A-A6A5-7935BF5FD60C}.Release|Win32.ActiveCfg = Release|Win32
		{B3612C81-3DC8-435A-A6A5-7935BF5FD60C}.Release|Win32.Build.0 = Release|Win32
		{B3612C81-3DC8-435A-A6A5-7935BF5FD60C}.Release|x64.ActiveCfg = Release|x64
		{B3612C81-3DC8-435A-A6A5-7935BF5FD60C}.Release|x64.Build.0 = Release|x64
		{33ED6971-BA1D-421D-AFB1-C15D6E63486D}.Debug|Win32.ActiveCfg = Debug|Win32
		{33ED6971-BA1D-421D-AFB1-C15D6E63486D}.Debug|Win32.Build.0 = Debug|Win32
		{33ED6971-BA1D-421D-AFB1-C15D6E63486D}.Debug|x64.ActiveCfg = Debug|x64
		{33ED6971-BA1D-421D-AFB1-C15D6E63486D}.Debug|x64.Build.0 = Debug|x64
		{33ED6971-BA1D-421D-AFB1-C15D6E63486D}.Release|Win32.ActiveCfg = Release|Win32
		{33ED6971-BA1D-421D-AFB1-C15D6E63486D}.Release|Win32.Build.0 = Release|Win32
		{33ED6971-BA1D-421D-AFB1-C15D6E63486D}.Release|x64.ActiveCfg = Release|x64
		{33ED6971-BA1D-421D-AFB1-C15D6E63486D}.Release|x64.Build.0 = Release|x64
		{D0C61027-C06B-4B0E-9B42-20A091A1BD6C}.Debug|Win32.ActiveCfg = Debug|Win32
		{D0C61027-C06B-4B0E-9B42-20A091A1BD6C}.Debug|Win32.Build.0 = Debug|Win32
		{D0C61027-C06B-4B0E-9B42-20A091A1BD6C}.Debug|x64.ActiveCfg = Debug|x64
		{D0C61027-C06B-4B0E-9B42-20A091A1BD6C}.Debug|x64.Build.0 = Debug|x64
		{D0C61027-C06B-4B0E-9B42-20A091A1BD6C}.Release|Win32.ActiveCfg = Release|Win32
		{D0C61027-C06B-4B0E-9B42-20A091A1BD6C}.Release|Win32.Build.0 = Release|Win32
		{D0C61027-C06B-4B0E-9B42-20A091A1BD6C}.Release|x64.ActiveCfg = Release|x64
		{D0C61027-C06B-4B0E-9B42-20A091A1BD6C}.Release|x64.Build.0 = Release|x64
		{7348AEE0-1F4A-4436-B782-6ABB694911AE}.Debug|Win32.ActiveCfg = Debug|Win32
		{7348AEE0-1F4A-4436-B782-6ABB694911AE}.Debug|Win32.Build.0 = Debug|Win32
		{7348AEE0-1F4A-4436-B782-6ABB694911AE}.Debug|x64.ActiveCfg = Debug|x64
		{7348AEE0-1F4A-4436-B782-6ABB694911AE}.Debug|x64.Build.0 = Debug|x64
		{7348AEE0-1F4A-4436-B782-6ABB694911AE}.Release|Win32.ActiveCfg = Release|Win32
		{7348AEE0-1F4A-4436-B782-6ABB694911AE}.Release|Win32.Build.0 = Release|Win32
		{7348AEE0-1F4A-4436-B782-6ABB694911AE}.Release|x64.ActiveCfg = Release|x64
		{7348AEE0-1F4A-4436-B782-6ABB694911AE}.Release|x64.Build.0 = Release|x64
		{D931E585-0C2C-45D8-B703-C325805E7A69}.Debug|Win32.ActiveCfg = Debug|Win32
		{D931E585-0C2C-45D8-B703-C325805E7A69}.Debug|Win32.Build.0 = Debug|Win32
		{D931E585-0C2C-45D8-B703-C325805E7A69}.Debug|x64.ActiveCfg = Debug|x64
		{D931E585-0C2C-45D8-B703-C325805E7A69}.Debug|x64.Build.0 = Debug|x64
		{D931E585-0C2C-45D8-B703-C325805E7A69}.Release|Win32.ActiveCfg = Release|Win32
		{D931E585-0C2C-45D8-B703-C325805E7A69}.Release|Win32.Build.0 = Release|Win32
		{D931E585-0C2C-45D8-B703-C325805E7A69}.Release|x64.ActiveCfg = Release|x64
		{D931E585-0C2C-45D8-B703-C325805E7A69}.Release|x64.Build.0 = Release|x64
	EndGlobalSection
	GlobalSection(SolutionProperties) = preSolution
		HideSolutionNode = FALSE
	EndGlobalSection
	GlobalSection(ExtensibilityGlobals) = postSolution
		SolutionGuid = {E98B5E25-5B33-434D-ACFA-93096394B574}
	EndGlobalSection
EndGlobal
