
Microsoft Visual Studio Solution File, Format Version 10.00
# Visual Studio 2008
Project("{8BC9CEB8-8B4A-11D0-8D11-00A0C91BC942}") = "Gina", "Gina\Gina.vcproj", "{1FBDA398-58DD-4BF0-846B-B0DEEBA62120}"
EndProject
Project("{8BC9CEB8-8B4A-11D0-8D11-00A0C91BC942}") = "Utils", "Utils\Utils.vcproj", "{89182927-777E-4301-AAFE-B731FE6D9BA9}"
EndProject
Global
	GlobalSection(SolutionConfigurationPlatforms) = preSolution
		Debug|Win32 = Debug|Win32
		Release|Win32 = Release|Win32
	EndGlobalSection
	GlobalSection(ProjectConfigurationPlatforms) = postSolution
		{1FBDA398-58DD-4BF0-846B-B0DEEBA62120}.Debug|Win32.ActiveCfg = Debug|Win32
		{1FBDA398-58DD-4BF0-846B-B0DEEBA62120}.Debug|Win32.Build.0 = Debug|Win32
		{1FBDA398-58DD-4BF0-846B-B0DEEBA62120}.Release|Win32.ActiveCfg = Release|Win32
		{1FBDA398-58DD-4BF0-846B-B0DEEBA62120}.Release|Win32.Build.0 = Release|Win32
		{89182927-777E-4301-AAFE-B731FE6D9BA9}.Debug|Win32.ActiveCfg = Debug|Win32
		{89182927-777E-4301-AAFE-B731FE6D9BA9}.Debug|Win32.Build.0 = Debug|Win32
		{89182927-777E-4301-AAFE-B731FE6D9BA9}.Release|Win32.ActiveCfg = Release|Win32
		{89182927-777E-4301-AAFE-B731FE6D9BA9}.Release|Win32.Build.0 = Release|Win32
	EndGlobalSection
	GlobalSection(SolutionProperties) = preSolution
		HideSolutionNode = FALSE
	EndGlobalSection
EndGlobal
