Microsoft Visual Studio Solution File, Format Version 10.00
# Visual Studio 2008
Project("{8BC9CEB8-8B4A-11D0-8D11-00A0C91BC942}") = "ginafull", "ginafull.vcproj", "{C4A572D9-6835-49B8-ACFB-DEE9A76EFC57}"
EndProject
Project("{8BC9CEB8-8B4A-11D0-8D11-00A0C91BC942}") = "test", "test\test.vcproj", "{FEF6091E-C9D8-4D86-B524-62391A238AE7}"
EndProject
Global
	GlobalSection(SolutionConfigurationPlatforms) = preSolution
		Debug|Win32 = Debug|Win32
		Release|Win32 = Release|Win32
	EndGlobalSection
	GlobalSection(ProjectConfigurationPlatforms) = postSolution
		{C4A572D9-6835-49B8-ACFB-DEE9A76EFC57}.Debug|Win32.ActiveCfg = Debug|Win32
		{C4A572D9-6835-49B8-ACFB-DEE9A76EFC57}.Debug|Win32.Build.0 = Debug|Win32
		{C4A572D9-6835-49B8-ACFB-DEE9A76EFC57}.Release|Win32.ActiveCfg = Release|Win32
		{C4A572D9-6835-49B8-ACFB-DEE9A76EFC57}.Release|Win32.Build.0 = Release|Win32
		{FEF6091E-C9D8-4D86-B524-62391A238AE7}.Debug|Win32.ActiveCfg = Debug|Win32
		{FEF6091E-C9D8-4D86-B524-62391A238AE7}.Debug|Win32.Build.0 = Debug|Win32
		{FEF6091E-C9D8-4D86-B524-62391A238AE7}.Release|Win32.ActiveCfg = Release|Win32
		{FEF6091E-C9D8-4D86-B524-62391A238AE7}.Release|Win32.Build.0 = Release|Win32
	EndGlobalSection
	GlobalSection(SolutionProperties) = preSolution
		HideSolutionNode = FALSE
	EndGlobalSection
EndGlobal
